{
    "_meta": {
        "hash": {
            "sha256": "f02b7b16c28c83bd48876f49c7b9cd2a4377e5a12f03d0fa7431bc2e88bc9a9a"
        },
        "pipfile-spec": 6,
        "requires": {
            "python_version": "3.7"
        },
        "sources": [
            {
                "name": "pypi",
                "url": "https://pypi.org/simple",
                "verify_ssl": true
            }
        ]
    },
    "default": {
        "alembic": {
            "hashes": [
                "sha256:a21fedebb3fb8f6bbbba51a11114f08c78709377051384c9c5ead5705ee93a51",
                "sha256:e78be5b919f5bb184e3e0e2dd1ca986f2362e29a2bc933c446fe89f39dbe4e9c"
            ],
            "index": "pypi",
            "version": "==1.6.5"
        },
        "aniso8601": {
            "hashes": [
                "sha256:1d2b7ef82963909e93c4f24ce48d4de9e66009a21bf1c1e1c85bdd0812fe412f",
                "sha256:72e3117667eedf66951bb2d93f4296a56b94b078a8a95905a052611fb3f1b973"
            ],
            "version": "==9.0.1"
        },
        "cachetools": {
            "hashes": [
                "sha256:6a94c6402995a99c3970cc7e4884bb60b4a8639938157eeed436098bf9831757",
                "sha256:f9f17d2aec496a9aa6b76f53e3b614c965223c061982d434d160f930c698a9db"
            ],
            "markers": "python_version ~= '3.7'",
            "version": "==5.2.0"
        },
        "certifi": {
            "hashes": [
                "sha256:36973885b9542e6bd01dea287b2b4b3b21236307c56324fcc3f1160f2d655ed5",
                "sha256:e232343de1ab72c2aa521b625c80f699e356830fd0e2c620b465b304b17b0516"
            ],
            "markers": "python_full_version >= '3.6.0'",
            "version": "==2022.9.14"
        },
        "charset-normalizer": {
            "hashes": [
                "sha256:5a3d016c7c547f69d6f81fb0db9449ce888b418b5b9952cc5e6e66843e9dd845",
                "sha256:83e9a75d1911279afd89352c68b45348559d1fc0506b054b346651b5e7fee29f"
            ],
            "markers": "python_full_version >= '3.6.0'",
            "version": "==2.1.1"
        },
        "click": {
            "hashes": [
                "sha256:7682dc8afb30297001674575ea00d1814d808d6a36af415a82bd481d37ba7b8e",
                "sha256:bb4d8133cb15a609f44e8213d9b391b0809795062913b383c62be0ee95b1db48"
            ],
            "markers": "python_version >= '3.7'",
            "version": "==8.1.3"
        },
        "flask": {
            "hashes": [
                "sha256:1c4c257b1892aec1398784c63791cbaa43062f1f7aeb555c4da961b20ee68f55",
                "sha256:a6209ca15eb63fc9385f38e452704113d679511d9574d09b2cf9183ae7d20dc9"
            ],
            "index": "pypi",
            "version": "==2.0.1"
        },
        "flask-migrate": {
            "hashes": [
                "sha256:57d6060839e3a7f150eaab6fe4e726d9e3e7cffe2150fb223d73f92421c6d1d9",
                "sha256:a6498706241aba6be7a251078de9cf166d74307bca41a4ca3e403c9d39e2f897"
            ],
            "index": "pypi",
            "version": "==3.1.0"
        },
        "flask-restful": {
            "hashes": [
                "sha256:4970c49b6488e46c520b325f54833374dc2b98e211f1b272bd4b0c516232afe2",
                "sha256:ccec650b835d48192138c85329ae03735e6ced58e9b2d9c2146d6c84c06fa53e"
            ],
            "index": "pypi",
            "version": "==0.3.9"
        },
        "flask-sqlalchemy": {
            "hashes": [
                "sha256:2bda44b43e7cacb15d4e05ff3cc1f8bc97936cc464623424102bfc2c35e95912",
                "sha256:f12c3d4cc5cc7fdcc148b9527ea05671718c3ea45d50c7e732cceb33f574b390"
            ],
            "index": "pypi",
            "version": "==2.5.1"
        },
        "google-api-core": {
            "extras": [
                "grpc"
            ],
            "hashes": [
                "sha256:92d17123cfe399b5ef7e026c63babf978d8475e1ac877919eb7933e25dea2273",
                "sha256:e16c15a11789bc5a3457afb2818a3540a03f341e6e710d7f9bbf6cde2ef4a7c8"
            ],
            "markers": "python_version >= '3.7'",
            "version": "==2.10.1"
        },
        "google-auth": {
            "hashes": [
                "sha256:be62acaae38d0049c21ca90f27a23847245c9f161ff54ede13af2cb6afecbac9",
                "sha256:ed65ecf9f681832298e29328e1ef0a3676e3732b2e56f41532d45f70a22de0fb"
            ],
            "markers": "python_version >= '2.7' and python_version not in '3.0, 3.1, 3.2, 3.3, 3.4, 3.5'",
            "version": "==2.11.0"
        },
        "google-cloud-appengine-logging": {
            "hashes": [
                "sha256:61e7d496db659f645881d863cda05c5d483006bad4f9a7aab8ba7b60ec1efbec",
                "sha256:cf6b9291168aa6540e5d2ca3eb017a0afdb3f80b80b47d3864d0747039f7d296"
            ],
            "markers": "python_full_version >= '3.6.0'",
            "version": "==0.2.0"
        },
        "google-cloud-audit-log": {
            "hashes": [
                "sha256:29ed77fe0b21eb2d5dfb998edb59ee2adc65fea5d5ac9fcf17828d60d25b58b3",
                "sha256:aabe5543671e4f8a9c7a4c0e3ea9a87ba2ba2b96f9ffad6faa02209900e1f308"
            ],
            "markers": "python_version >= '3.7'",
            "version": "==0.2.4"
        },
        "google-cloud-core": {
            "hashes": [
                "sha256:8417acf6466be2fa85123441696c4badda48db314c607cf1e5d543fa8bdc22fe",
                "sha256:b9529ee7047fd8d4bf4a2182de619154240df17fbe60ead399078c1ae152af9a"
            ],
            "markers": "python_version >= '3.7'",
            "version": "==2.3.2"
        },
        "google-cloud-logging": {
            "hashes": [
                "sha256:499eed5f13cab805c8780b0d14a0d931a9ff1d65efccdd9e68772d40e7dad4c5",
                "sha256:abf404c2823d4fdff5e86cd869d77e6fda8d40096cbab897bc78a11f59096a3c"
            ],
            "index": "pypi",
            "version": "==2.6.0"
        },
        "googleapis-common-protos": {
            "hashes": [
                "sha256:8eb2cbc91b69feaf23e32452a7ae60e791e09967d81d4fcc7fc388182d1bd394",
                "sha256:c25873c47279387cfdcbdafa36149887901d36202cb645a0e4f29686bf6e4417"
            ],
            "markers": "python_version >= '3.7'",
            "version": "==1.56.4"
        },
        "greenlet": {
            "hashes": [
                "sha256:0118817c9341ef2b0f75f5af79ac377e4da6ff637e5ee4ac91802c0e379dadb4",
                "sha256:048d2bed76c2aa6de7af500ae0ea51dd2267aec0e0f2a436981159053d0bc7cc",
                "sha256:07c58e169bbe1e87b8bbf15a5c1b779a7616df9fd3e61cadc9d691740015b4f8",
                "sha256:095a980288fe05adf3d002fbb180c99bdcf0f930e220aa66fcd56e7914a38202",
                "sha256:0b181e9aa6cb2f5ec0cacc8cee6e5a3093416c841ba32c185c30c160487f0380",
                "sha256:1626185d938d7381631e48e6f7713e8d4b964be246073e1a1d15c2f061ac9f08",
                "sha256:184416e481295832350a4bf731ba619a92f5689bf5d0fa4341e98b98b1265bd7",
                "sha256:1dd51d2650e70c6c4af37f454737bf4a11e568945b27f74b471e8e2a9fd21268",
                "sha256:1ec2779774d8e42ed0440cf8bc55540175187e8e934f2be25199bf4ed948cd9e",
                "sha256:2cf45e339cabea16c07586306a31cfcc5a3b5e1626d365714d283732afed6809",
                "sha256:2fb0aa7f6996879551fd67461d5d3ab0c3c0245da98be90c89fcb7a18d437403",
                "sha256:44b4817c34c9272c65550b788913620f1fdc80362b209bc9d7dd2f40d8793080",
                "sha256:466ce0928e33421ee84ae04c4ac6f253a3a3e6b8d600a79bd43fd4403e0a7a76",
                "sha256:4f166b4aca8d7d489e82d74627a7069ab34211ef5ebb57c300ec4b9337b60fc0",
                "sha256:510c3b15587afce9800198b4b142202b323bf4b4b5f9d6c79cb9a35e5e3c30d2",
                "sha256:5b756e6730ea59b2745072e28ad27f4c837084688e6a6b3633c8b1e509e6ae0e",
                "sha256:5fbe1ab72b998ca77ceabbae63a9b2e2dc2d963f4299b9b278252ddba142d3f1",
                "sha256:6200a11f003ec26815f7e3d2ded01b43a3810be3528dd760d2f1fa777490c3cd",
                "sha256:65ad1a7a463a2a6f863661329a944a5802c7129f7ad33583dcc11069c17e622c",
                "sha256:694ffa7144fa5cc526c8f4512665003a39fa09ef00d19bbca5c8d3406db72fbe",
                "sha256:6f5d4b2280ceea76c55c893827961ed0a6eadd5a584a7c4e6e6dd7bc10dfdd96",
                "sha256:7532a46505470be30cbf1dbadb20379fb481244f1ca54207d7df3bf0bbab6a20",
                "sha256:76a53bfa10b367ee734b95988bd82a9a5f0038a25030f9f23bbbc005010ca600",
                "sha256:77e41db75f9958f2083e03e9dd39da12247b3430c92267df3af77c83d8ff9eed",
                "sha256:7a43bbfa9b6cfdfaeefbd91038dde65ea2c421dc387ed171613df340650874f2",
                "sha256:7b41d19c0cfe5c259fe6c539fd75051cd39a5d33d05482f885faf43f7f5e7d26",
                "sha256:7c5227963409551ae4a6938beb70d56bf1918c554a287d3da6853526212fbe0a",
                "sha256:870a48007872d12e95a996fca3c03a64290d3ea2e61076aa35d3b253cf34cd32",
                "sha256:88b04e12c9b041a1e0bcb886fec709c488192638a9a7a3677513ac6ba81d8e79",
                "sha256:8c287ae7ac921dfde88b1c125bd9590b7ec3c900c2d3db5197f1286e144e712b",
                "sha256:903fa5716b8fbb21019268b44f73f3748c41d1a30d71b4a49c84b642c2fed5fa",
                "sha256:9537e4baf0db67f382eb29255a03154fcd4984638303ff9baaa738b10371fa57",
                "sha256:9951dcbd37850da32b2cb6e391f621c1ee456191c6ae5528af4a34afe357c30e",
                "sha256:9b2f7d0408ddeb8ea1fd43d3db79a8cefaccadd2a812f021333b338ed6b10aba",
                "sha256:9c88e134d51d5e82315a7c32b914a58751b7353eb5268dbd02eabf020b4c4700",
                "sha256:9fae214f6c43cd47f7bef98c56919b9222481e833be2915f6857a1e9e8a15318",
                "sha256:a3a669f11289a8995d24fbfc0e63f8289dd03c9aaa0cc8f1eab31d18ca61a382",
                "sha256:aa741c1a8a8cc25eb3a3a01a62bdb5095a773d8c6a86470bde7f607a447e7905",
                "sha256:b0877a9a2129a2c56a2eae2da016743db7d9d6a05d5e1c198f1b7808c602a30e",
                "sha256:bcb6c6dd1d6be6d38d6db283747d07fda089ff8c559a835236560a4410340455",
                "sha256:caff52cb5cd7626872d9696aee5b794abe172804beb7db52eed1fd5824b63910",
                "sha256:cbc1eb55342cbac8f7ec159088d54e2cfdd5ddf61c87b8bbe682d113789331b2",
                "sha256:cd16a89efe3a003029c87ff19e9fba635864e064da646bc749fc1908a4af18f3",
                "sha256:ce5b64dfe8d0cca407d88b0ee619d80d4215a2612c1af8c98a92180e7109f4b5",
                "sha256:d58a5a71c4c37354f9e0c24c9c8321f0185f6945ef027460b809f4bb474bfe41",
                "sha256:db41f3845eb579b544c962864cce2c2a0257fe30f0f1e18e51b1e8cbb4e0ac6d",
                "sha256:db5b25265010a1b3dca6a174a443a0ed4c4ab12d5e2883a11c97d6e6d59b12f9",
                "sha256:dd0404d154084a371e6d2bafc787201612a1359c2dee688ae334f9118aa0bf47",
                "sha256:de431765bd5fe62119e0bc6bc6e7b17ac53017ae1782acf88fcf6b7eae475a49",
                "sha256:df02fdec0c533301497acb0bc0f27f479a3a63dcdc3a099ae33a902857f07477",
                "sha256:e8533f5111704d75de3139bf0b8136d3a6c1642c55c067866fa0a51c2155ee33",
                "sha256:f2f908239b7098799b8845e5936c2ccb91d8c2323be02e82f8dcb4a80dcf4a25",
                "sha256:f8bfd36f368efe0ab2a6aa3db7f14598aac454b06849fb633b762ddbede1db90",
                "sha256:ffe73f9e7aea404722058405ff24041e59d31ca23d1da0895af48050a07b6932"
            ],
            "markers": "python_version >= '3' and platform_machine == 'aarch64' or (platform_machine == 'ppc64le' or (platform_machine == 'x86_64' or (platform_machine == 'amd64' or (platform_machine == 'AMD64' or (platform_machine == 'win32' or platform_machine == 'WIN32')))))",
            "version": "==1.1.3"
        },
        "grpcio": {
            "hashes": [
                "sha256:07bbbb2675d5bcd5ea0dd5dc39d47d8cd9f81e12d5689d79079f5eb9bad87127",
                "sha256:1532064b23130be7760c940b82961e3661cb785f686204a937e8edca007069fe",
                "sha256:172cfa96c6d4de9d84bbd00ffea7aebe820f44430d31cdfea6ec6d209007c117",
                "sha256:3477cec9b89334ddbb09b44cf099e9a81f4090b48fdd63310f91b71a762896d6",
                "sha256:3cc65127b0755fc0cf4f7e095f2d0ed25fe225eb1525b76c0a32de3efaf7c22f",
                "sha256:3e7b20e78b8dcee038002fd42ae13d5e6e81efa7d21cc6682a25f4cbd18f0491",
                "sha256:41d8e725b816964691650967b017a621d935ba7393a153fcf8d6dcae5e41e4b3",
                "sha256:49a8a3aa2d61f1940983795cea78d336f86ab2e5c92029adfc7e6a8ee0fe6e3a",
                "sha256:4ae542364be7b2cb13d8372c2a601a84c77a93327c93a31cda64fd9c5c333448",
                "sha256:4e0374c5b31fdf5cd4a2f3209e5341762a34c80acedbaca0896ccb904ecdd707",
                "sha256:4f70df4d99945a7dc4a358cf0d2c027bba2d3125bc8ad1acb069480747fc58de",
                "sha256:5df1748ac9d679f47ee39226a7389f73e8c7c49910c7493b0f61735825a0b5ec",
                "sha256:60d31d1377429f0f83fe10887276e8bdef16fb297dfbccab896a145d7b171bc8",
                "sha256:63c3823fc525882989c0a42191d1efeb37c4d4f4c1dc555cc21d721fe11570e3",
                "sha256:6cbcbbab1c8f677d6b3bb55b22bfce87bd10713a8ef439098f86ada96e69eda8",
                "sha256:6ea56034245fe04ca3c411d2bf7032782722973e4cd2964e89d55110d2142bac",
                "sha256:717ed04e949022e33e10c4d11b2a9567da2de5a02019535058482ea54d9f795c",
                "sha256:77742b6805c2b46a59b76f924b3018de89c4e3b565df7ef2d79d4d8eecd37a20",
                "sha256:79298b2b153d00f34ecbf5db8ec1be9bf37172ff9d2b63a2e0c6ef67f85daf1e",
                "sha256:7ea88f3dfe2606a93193e8dc240659b5eedcee77ef90d655cbc792273a5c3eb2",
                "sha256:82a40b2fea553a85d045b1934633d108643d3b870a08fa19d47137d967e8e716",
                "sha256:85150bce2438feb2a814e0c2dec09fb6e86a58b69a06279a1a49426b88b84176",
                "sha256:875cb37144865cc4d26e91add8c9672cf2c95f3547f15ae3daba8f27064fdb30",
                "sha256:894fba84ef949c7f2403eaf09c9d2421eeeec447f4d61829353a371d4d1edb57",
                "sha256:8d6f4ace5b41502b11c2456d2fa3a2d7ee776bbb7d2c3c05e0309d420654c95a",
                "sha256:90ec337f36db26fbc70a4c032bcbabb2008f950f4194e99385118a12688fdf92",
                "sha256:91763e949104894b639ad47243c69988fc0bbdcbead995280f7d3fcba3824a79",
                "sha256:9736f24b9a0a5b66df739fa2e82132c1c420cc470df003e53596dcec8d90a52a",
                "sha256:a0c39a3d81a727d36c855781886a66d868681e5dc8de76a766a7c3c4827f649b",
                "sha256:a3eccffe9cac99883cbfdcaac0af3d346d5499a7fcb7d57fdd2ec21209471c39",
                "sha256:a821831518758b725ba857d791a43959e8ffdbe5935e89a50222496fe2ed0f9c",
                "sha256:a9e154ff1d55540db0ff9ee123687c45e7946a235d22a44c5347b2384b2a4753",
                "sha256:ad119d3db3a284e8f0dbf0149b904280e17a13c9eca38a250109cbee9d569a1d",
                "sha256:b0522e5c678411977db57bb6a4c6dd29e1defc0961ebf2c0a29871459cce0fd9",
                "sha256:b3bc29e95a578b5c5a1bf2908ef56f45ad8b669178298cf6a8357a6883baff99",
                "sha256:b40ca1a353ad0410f979d3ac7fdb07e2ad65717411c0c3e2df12a4b811898637",
                "sha256:bc39e9bd568b210ba9e44819736eb5e95cada054381dec5a3d2ec0a5f7c0178f",
                "sha256:cb4a3812e90d8189ff96b1779c7e7e56d13e7525ef4928b7d897c62c0d8936e3",
                "sha256:db056a709ea38b2da97a6811ed6719329f6576a32240e102e897a05b681a1674",
                "sha256:dcb480c4141dd051120a3de9af555ef09fc3ce1d0cb47e95b22ac1406554af18",
                "sha256:e26d4b147447cf63e7e20e92c7b938b6279c0cd463b421f0f6ecc2d991161614",
                "sha256:ebb539e0cf618593dc08ea9bf6fc72c538b632663f8efc1a344f6db62545dfaa",
                "sha256:ede5041e8a98ce8761d7b6d966da872ac6a5bf2d8de776b402ea509c8ba8a8bc",
                "sha256:faa91b060bf3c520d0a4f11bd550d1b4026d649f188b082690270182fb462ec4",
                "sha256:fcd45c259cabb739b8b0c3a539ad2796f627fef77e53e55e6c2b5389b59a00ff"
            ],
            "version": "==1.49.0"
        },
        "grpcio-status": {
            "hashes": [
                "sha256:91c4ba698aec928c807d0163ba6981614d201b7929dd96125082f5a4576885b2",
                "sha256:9daff44251a3df615dcfe2f79e5d5842099d2e86353a3cfb7d193b31552d0d88"
            ],
            "version": "==1.49.0"
        },
        "idna": {
            "hashes": [
                "sha256:814f528e8dead7d329833b91c5faa87d60bf71824cd12a7530b5526063d02cb4",
                "sha256:90b77e79eaa3eba6de819a0c442c0b4ceefc341a7a2ab77d7562bf49f425c5c2"
            ],
            "markers": "python_version >= '3.5'",
            "version": "==3.4"
        },
        "importlib-metadata": {
            "hashes": [
                "sha256:637245b8bab2b6502fcbc752cc4b7a6f6243bb02b31c5c26156ad103d3d45670",
                "sha256:7401a975809ea1fdc658c3aa4f78cc2195a0e019c5cbc4c06122884e9ae80c23"
            ],
            "markers": "python_version < '3.8'",
            "version": "==4.12.0"
        },
        "itsdangerous": {
            "hashes": [
                "sha256:2c2349112351b88699d8d4b6b075022c0808887cb7ad10069318a8b0bc88db44",
                "sha256:5dbbc68b317e5e42f327f9021763545dc3fc3bfe22e6deb96aaf1fc38874156a"
            ],
            "markers": "python_version >= '3.7'",
            "version": "==2.1.2"
        },
        "jinja2": {
            "hashes": [
                "sha256:31351a702a408a9e7595a8fc6150fc3f43bb6bf7e319770cbc0db9df9437e852",
                "sha256:6088930bfe239f0e6710546ab9c19c9ef35e29792895fed6e6e31a023a182a61"
            ],
            "markers": "python_version >= '3.7'",
            "version": "==3.1.2"
        },
        "mako": {
            "hashes": [
                "sha256:3724869b363ba630a272a5f89f68c070352137b8fd1757650017b7e06fda163f",
                "sha256:8efcb8004681b5f71d09c983ad5a9e6f5c40601a6ec469148753292abc0da534"
            ],
            "index": "pypi",
            "version": "==1.2.2"
        },
        "markupsafe": {
            "hashes": [
                "sha256:0212a68688482dc52b2d45013df70d169f542b7394fc744c02a57374a4207003",
                "sha256:089cf3dbf0cd6c100f02945abeb18484bd1ee57a079aefd52cffd17fba910b88",
                "sha256:10c1bfff05d95783da83491be968e8fe789263689c02724e0c691933c52994f5",
                "sha256:33b74d289bd2f5e527beadcaa3f401e0df0a89927c1559c8566c066fa4248ab7",
                "sha256:3799351e2336dc91ea70b034983ee71cf2f9533cdff7c14c90ea126bfd95d65a",
                "sha256:3ce11ee3f23f79dbd06fb3d63e2f6af7b12db1d46932fe7bd8afa259a5996603",
                "sha256:421be9fbf0ffe9ffd7a378aafebbf6f4602d564d34be190fc19a193232fd12b1",
                "sha256:43093fb83d8343aac0b1baa75516da6092f58f41200907ef92448ecab8825135",
                "sha256:46d00d6cfecdde84d40e572d63735ef81423ad31184100411e6e3388d405e247",
                "sha256:4a33dea2b688b3190ee12bd7cfa29d39c9ed176bda40bfa11099a3ce5d3a7ac6",
                "sha256:4b9fe39a2ccc108a4accc2676e77da025ce383c108593d65cc909add5c3bd601",
                "sha256:56442863ed2b06d19c37f94d999035e15ee982988920e12a5b4ba29b62ad1f77",
                "sha256:671cd1187ed5e62818414afe79ed29da836dde67166a9fac6d435873c44fdd02",
                "sha256:694deca8d702d5db21ec83983ce0bb4b26a578e71fbdbd4fdcd387daa90e4d5e",
                "sha256:6a074d34ee7a5ce3effbc526b7083ec9731bb3cbf921bbe1d3005d4d2bdb3a63",
                "sha256:6d0072fea50feec76a4c418096652f2c3238eaa014b2f94aeb1d56a66b41403f",
                "sha256:6fbf47b5d3728c6aea2abb0589b5d30459e369baa772e0f37a0320185e87c980",
                "sha256:7f91197cc9e48f989d12e4e6fbc46495c446636dfc81b9ccf50bb0ec74b91d4b",
                "sha256:86b1f75c4e7c2ac2ccdaec2b9022845dbb81880ca318bb7a0a01fbf7813e3812",
                "sha256:8dc1c72a69aa7e082593c4a203dcf94ddb74bb5c8a731e4e1eb68d031e8498ff",
                "sha256:8e3dcf21f367459434c18e71b2a9532d96547aef8a871872a5bd69a715c15f96",
                "sha256:8e576a51ad59e4bfaac456023a78f6b5e6e7651dcd383bcc3e18d06f9b55d6d1",
                "sha256:96e37a3dc86e80bf81758c152fe66dbf60ed5eca3d26305edf01892257049925",
                "sha256:97a68e6ada378df82bc9f16b800ab77cbf4b2fada0081794318520138c088e4a",
                "sha256:99a2a507ed3ac881b975a2976d59f38c19386d128e7a9a18b7df6fff1fd4c1d6",
                "sha256:a49907dd8420c5685cfa064a1335b6754b74541bbb3706c259c02ed65b644b3e",
                "sha256:b09bf97215625a311f669476f44b8b318b075847b49316d3e28c08e41a7a573f",
                "sha256:b7bd98b796e2b6553da7225aeb61f447f80a1ca64f41d83612e6139ca5213aa4",
                "sha256:b87db4360013327109564f0e591bd2a3b318547bcef31b468a92ee504d07ae4f",
                "sha256:bcb3ed405ed3222f9904899563d6fc492ff75cce56cba05e32eff40e6acbeaa3",
                "sha256:d4306c36ca495956b6d568d276ac11fdd9c30a36f1b6eb928070dc5360b22e1c",
                "sha256:d5ee4f386140395a2c818d149221149c54849dfcfcb9f1debfe07a8b8bd63f9a",
                "sha256:dda30ba7e87fbbb7eab1ec9f58678558fd9a6b8b853530e176eabd064da81417",
                "sha256:e04e26803c9c3851c931eac40c695602c6295b8d432cbe78609649ad9bd2da8a",
                "sha256:e1c0b87e09fa55a220f058d1d49d3fb8df88fbfab58558f1198e08c1e1de842a",
                "sha256:e72591e9ecd94d7feb70c1cbd7be7b3ebea3f548870aa91e2732960fa4d57a37",
                "sha256:e8c843bbcda3a2f1e3c2ab25913c80a3c5376cd00c6e8c4a86a89a28c8dc5452",
                "sha256:efc1913fd2ca4f334418481c7e595c00aad186563bbc1ec76067848c7ca0a933",
                "sha256:f121a1420d4e173a5d96e47e9a0c0dcff965afdf1626d28de1460815f7c4ee7a",
                "sha256:fc7b548b17d238737688817ab67deebb30e8073c95749d55538ed473130ec0c7"
            ],
            "markers": "python_version >= '3.7'",
            "version": "==2.1.1"
        },
        "packaging": {
            "hashes": [
                "sha256:dd47c42927d89ab911e606518907cc2d3a1f38bbd026385970643f9c5b8ecfeb",
                "sha256:ef103e05f519cdc783ae24ea4e2e0f508a9c99b2d4969652eed6a2e1ea5bd522"
            ],
            "markers": "python_full_version >= '3.6.0'",
            "version": "==21.3"
        },
        "prometheus-client": {
            "hashes": [
                "sha256:3a8baade6cb80bcfe43297e33e7623f3118d660d41387593758e2fb1ea173a86",
                "sha256:b014bc76815eb1399da8ce5fc84b7717a3e63652b0c0f8804092c9363acab1b2"
            ],
            "index": "pypi",
            "version": "==0.11.0"
        },
        "proto-plus": {
            "hashes": [
                "sha256:6c7dfd122dfef8019ff654746be4f5b1d9c80bba787fe9611b508dd88be3a2fa",
                "sha256:ea8982669a23c379f74495bc48e3dcb47c822c484ce8ee1d1d7beb339d4e34c5"
            ],
            "markers": "python_full_version >= '3.6.0'",
            "version": "==1.22.1"
        },
        "protobuf": {
            "hashes": [
                "sha256:07a0bb9cc6114f16a39c866dc28b6e3d96fa4ffb9cc1033057412547e6e75cb9",
                "sha256:308173d3e5a3528787bb8c93abea81d5a950bdce62840d9760effc84127fb39c",
                "sha256:4143513c766db85b9d7c18dbf8339673c8a290131b2a0fe73855ab20770f72b0",
                "sha256:49f88d56a9180dbb7f6199c920f5bb5c1dd0172f672983bb281298d57c2ac8eb",
                "sha256:6b1040a5661cd5f6e610cbca9cfaa2a17d60e2bb545309bc1b278bb05be44bdd",
                "sha256:77b355c8604fe285536155286b28b0c4cbc57cf81b08d8357bf34829ea982860",
                "sha256:7a6cc8842257265bdfd6b74d088b829e44bcac3cca234c5fdd6052730017b9ea",
                "sha256:80e6540381080715fddac12690ee42d087d0d17395f8d0078dfd6f1181e7be4c",
                "sha256:8f9e60f7d44592c66e7b332b6a7b4b6e8d8b889393c79dbc3a91f815118f8eac",
                "sha256:9666da97129138585b26afcb63ad4887f602e169cafe754a8258541c553b8b5d",
                "sha256:aa29113ec901281f29d9d27b01193407a98aa9658b8a777b0325e6d97149f5ce",
                "sha256:b6cea204865595a92a7b240e4b65bcaaca3ad5d2ce25d9db3756eba06041138e",
                "sha256:ba596b9ffb85c909fcfe1b1a23136224ed678af3faf9912d3fa483d5f9813c4e",
                "sha256:c7c864148a237f058c739ae7a05a2b403c0dfa4ce7d1f3e5213f352ad52d57c6"
            ],
            "markers": "python_version >= '3.7'",
            "version": "==4.21.6"
        },
        "psycopg2-binary": {
            "hashes": [
                "sha256:0b7dae87f0b729922e06f85f667de7bf16455d411971b2043bbd9577af9d1975",
                "sha256:0f2e04bd2a2ab54fa44ee67fe2d002bb90cee1c0f1cc0ebc3148af7b02034cbd",
                "sha256:123c3fb684e9abfc47218d3784c7b4c47c8587951ea4dd5bc38b6636ac57f616",
                "sha256:1473c0215b0613dd938db54a653f68251a45a78b05f6fc21af4326f40e8360a2",
                "sha256:14db1752acdd2187d99cb2ca0a1a6dfe57fc65c3281e0f20e597aac8d2a5bd90",
                "sha256:1e3a362790edc0a365385b1ac4cc0acc429a0c0d662d829a50b6ce743ae61b5a",
                "sha256:1e85b74cbbb3056e3656f1cc4781294df03383127a8114cbc6531e8b8367bf1e",
                "sha256:1f6ca4a9068f5c5c57e744b4baa79f40e83e3746875cac3c45467b16326bab45",
                "sha256:20f1ab44d8c352074e2d7ca67dc00843067788791be373e67a0911998787ce7d",
                "sha256:24b0b6688b9f31a911f2361fe818492650795c9e5d3a1bc647acbd7440142a4f",
                "sha256:2f62c207d1740b0bde5c4e949f857b044818f734a3d57f1d0d0edc65050532ed",
                "sha256:3242b9619de955ab44581a03a64bdd7d5e470cc4183e8fcadd85ab9d3756ce7a",
                "sha256:35c4310f8febe41f442d3c65066ca93cccefd75013df3d8c736c5b93ec288140",
                "sha256:4235f9d5ddcab0b8dbd723dca56ea2922b485ea00e1dafacf33b0c7e840b3d32",
                "sha256:542875f62bc56e91c6eac05a0deadeae20e1730be4c6334d8f04c944fcd99759",
                "sha256:5ced67f1e34e1a450cdb48eb53ca73b60aa0af21c46b9b35ac3e581cf9f00e31",
                "sha256:661509f51531ec125e52357a489ea3806640d0ca37d9dada461ffc69ee1e7b6e",
                "sha256:7360647ea04db2e7dff1648d1da825c8cf68dc5fbd80b8fb5b3ee9f068dcd21a",
                "sha256:736b8797b58febabb85494142c627bd182b50d2a7ec65322983e71065ad3034c",
                "sha256:8c13d72ed6af7fd2c8acbd95661cf9477f94e381fce0792c04981a8283b52917",
                "sha256:988b47ac70d204aed01589ed342303da7c4d84b56c2f4c4b8b00deda123372bf",
                "sha256:995fc41ebda5a7a663a254a1dcac52638c3e847f48307b5416ee373da15075d7",
                "sha256:a36c7eb6152ba5467fb264d73844877be8b0847874d4822b7cf2d3c0cb8cdcb0",
                "sha256:aed4a9a7e3221b3e252c39d0bf794c438dc5453bc2963e8befe9d4cd324dff72",
                "sha256:aef9aee84ec78af51107181d02fe8773b100b01c5dfde351184ad9223eab3698",
                "sha256:b0221ca5a9837e040ebf61f48899926b5783668b7807419e4adae8175a31f773",
                "sha256:b4d7679a08fea64573c969f6994a2631908bb2c0e69a7235648642f3d2e39a68",
                "sha256:c250a7ec489b652c892e4f0a5d122cc14c3780f9f643e1a326754aedf82d9a76",
                "sha256:ca86db5b561b894f9e5f115d6a159fff2a2570a652e07889d8a383b5fae66eb4",
                "sha256:cfc523edecddaef56f6740d7de1ce24a2fdf94fd5e704091856a201872e37f9f",
                "sha256:d92272c7c16e105788efe2cfa5d680f07e34e0c29b03c1908f8636f55d5f915a",
                "sha256:da113b70f6ec40e7d81b43d1b139b9db6a05727ab8be1ee559f3a69854a69d34",
                "sha256:ebccf1123e7ef66efc615a68295bf6fdba875a75d5bba10a05073202598085fc",
                "sha256:f6fac64a38f6768e7bc7b035b9e10d8a538a9fadce06b983fb3e6fa55ac5f5ce",
                "sha256:f8559617b1fcf59a9aedba2c9838b5b6aa211ffedecabca412b92a1ff75aac1a",
                "sha256:fbb42a541b1093385a2d8c7eec94d26d30437d0e77c1d25dae1dcc46741a385e"
            ],
            "index": "pypi",
            "version": "==2.9.1"
        },
        "pyasn1": {
            "hashes": [
                "sha256:014c0e9976956a08139dc0712ae195324a75e142284d5f87f1a87ee1b068a359",
                "sha256:03840c999ba71680a131cfaee6fab142e1ed9bbd9c693e285cc6aca0d555e576",
                "sha256:0458773cfe65b153891ac249bcf1b5f8f320b7c2ce462151f8fa74de8934becf",
                "sha256:08c3c53b75eaa48d71cf8c710312316392ed40899cb34710d092e96745a358b7",
                "sha256:39c7e2ec30515947ff4e87fb6f456dfc6e84857d34be479c9d4a4ba4bf46aa5d",
                "sha256:5c9414dcfede6e441f7e8f81b43b34e834731003427e5b09e4e00e3172a10f00",
                "sha256:6e7545f1a61025a4e58bb336952c5061697da694db1cae97b116e9c46abcf7c8",
                "sha256:78fa6da68ed2727915c4767bb386ab32cdba863caa7dbe473eaae45f9959da86",
                "sha256:7ab8a544af125fb704feadb008c99a88805126fb525280b2270bb25cc1d78a12",
                "sha256:99fcc3c8d804d1bc6d9a099921e39d827026409a58f2a720dcdb89374ea0c776",
                "sha256:aef77c9fb94a3ac588e87841208bdec464471d9871bd5050a287cc9a475cd0ba",
                "sha256:e89bf84b5437b532b0803ba5c9a5e054d21fec423a89952a74f87fa2c9b7bce2",
                "sha256:fec3e9d8e36808a28efb59b489e4528c10ad0f480e57dcc32b4de5c9d8c9fdf3"
            ],
            "version": "==0.4.8"
        },
        "pyasn1-modules": {
            "hashes": [
                "sha256:0845a5582f6a02bb3e1bde9ecfc4bfcae6ec3210dd270522fee602365430c3f8",
                "sha256:0fe1b68d1e486a1ed5473f1302bd991c1611d319bba158e98b106ff86e1d7199",
                "sha256:15b7c67fabc7fc240d87fb9aabf999cf82311a6d6fb2c70d00d3d0604878c811",
                "sha256:426edb7a5e8879f1ec54a1864f16b882c2837bfd06eee62f2c982315ee2473ed",
                "sha256:65cebbaffc913f4fe9e4808735c95ea22d7a7775646ab690518c056784bc21b4",
                "sha256:905f84c712230b2c592c19470d3ca8d552de726050d1d1716282a1f6146be65e",
                "sha256:a50b808ffeb97cb3601dd25981f6b016cbb3d31fbf57a8b8a87428e6158d0c74",
                "sha256:a99324196732f53093a84c4369c996713eb8c89d360a496b599fb1a9c47fc3eb",
                "sha256:b80486a6c77252ea3a3e9b1e360bc9cf28eaac41263d173c032581ad2f20fe45",
                "sha256:c29a5e5cc7a3f05926aff34e097e84f8589cd790ce0ed41b67aed6857b26aafd",
                "sha256:cbac4bc38d117f2a49aeedec4407d23e8866ea4ac27ff2cf7fb3e5b570df19e0",
                "sha256:f39edd8c4ecaa4556e989147ebf219227e2cd2e8a43c7e7fcb1f1c18c5fd6a3d",
                "sha256:fe0644d9ab041506b62782e92b06b8c68cca799e1a9636ec398675459e031405"
            ],
            "version": "==0.2.8"
        },
        "pyparsing": {
            "hashes": [
                "sha256:2b020ecf7d21b687f219b71ecad3631f644a47f01403fa1d1036b0c6416d70fb",
                "sha256:5026bae9a10eeaefb61dab2f09052b9f4307d44aee4eda64b309723d8d206bbc"
            ],
            "markers": "python_full_version >= '3.6.8'",
            "version": "==3.0.9"
        },
        "python-dateutil": {
            "hashes": [
                "sha256:0123cacc1627ae19ddf3c27a5de5bd67ee4586fbdd6440d9748f8abb483d3e86",
                "sha256:961d03dc3453ebbc59dbdea9e4e11c5651520a876d0f4db161e8674aae935da9"
            ],
            "markers": "python_version >= '2.7' and python_version not in '3.0, 3.1, 3.2, 3.3'",
            "version": "==2.8.2"
        },
        "python-editor": {
            "hashes": [
                "sha256:1bf6e860a8ad52a14c3ee1252d5dc25b2030618ed80c022598f00176adc8367d",
                "sha256:51fda6bcc5ddbbb7063b2af7509e43bd84bfc32a4ff71349ec7847713882327b",
                "sha256:5f98b069316ea1c2ed3f67e7f5df6c0d8f10b689964a4a811ff64f0106819ec8",
                "sha256:c3da2053dbab6b29c94e43c486ff67206eafbe7eb52dbec7390b5e2fb05aac77",
                "sha256:ea87e17f6ec459e780e4221f295411462e0d0810858e055fc514684350a2f522"
            ],
            "version": "==1.0.4"
        },
        "pytz": {
            "hashes": [
                "sha256:220f481bdafa09c3955dfbdddb7b57780e9a94f5127e35456a48589b9e0c0197",
                "sha256:cea221417204f2d1a2aa03ddae3e867921971d0d76f14d87abb4414415bbdcf5"
            ],
            "version": "==2022.2.1"
        },
        "requests": {
            "hashes": [
                "sha256:7c5599b102feddaa661c826c56ab4fee28bfd17f5abca1ebbe3e7f19d7c97983",
                "sha256:8fefa2a1a1365bf5520aac41836fbee479da67864514bdb821f31ce07ce65349"
            ],
            "markers": "python_version >= '3.7' and python_version < '4'",
            "version": "==2.28.1"
        },
        "rsa": {
            "hashes": [
                "sha256:90260d9058e514786967344d0ef75fa8727eed8a7d2e43ce9f4bcf1b536174f7",
                "sha256:e38464a49c6c85d7f1351b0126661487a7e0a14a50f1675ec50eb34d4f20ef21"
            ],
            "markers": "python_full_version >= '3.6.0'",
            "version": "==4.9"
        },
        "six": {
            "hashes": [
                "sha256:1e61c37477a1626458e36f7b1d82aa5c9b094fa4802892072e49de9c60c4c926",
                "sha256:8abb2f1d86890a2dfb989f9a77cfcfd3e47c2a354b01111771326f8aa26e0254"
            ],
            "markers": "python_version >= '2.7' and python_version not in '3.0, 3.1, 3.2, 3.3'",
            "version": "==1.16.0"
        },
        "sqlalchemy": {
            "hashes": [
                "sha256:0002e829142b2af00b4eaa26c51728f3ea68235f232a2e72a9508a3116bd6ed0",
                "sha256:0005bd73026cd239fc1e8ccdf54db58b6193be9a02b3f0c5983808f84862c767",
                "sha256:0292f70d1797e3c54e862e6f30ae474014648bc9c723e14a2fda730adb0a9791",
                "sha256:036d8472356e1d5f096c5e0e1a7e0f9182140ada3602f8fff6b7329e9e7cfbcd",
                "sha256:05f0de3a1dc3810a776275763764bb0015a02ae0f698a794646ebc5fb06fad33",
                "sha256:0990932f7cca97fece8017414f57fdd80db506a045869d7ddf2dda1d7cf69ecc",
                "sha256:13e397a9371ecd25573a7b90bd037db604331cf403f5318038c46ee44908c44d",
                "sha256:14576238a5f89bcf504c5f0a388d0ca78df61fb42cb2af0efe239dc965d4f5c9",
                "sha256:199a73c31ac8ea59937cc0bf3dfc04392e81afe2ec8a74f26f489d268867846c",
                "sha256:2082a2d2fca363a3ce21cfa3d068c5a1ce4bf720cf6497fb3a9fc643a8ee4ddd",
                "sha256:22ff16cedab5b16a0db79f1bc99e46a6ddececb60c396562e50aab58ddb2871c",
                "sha256:2307495d9e0ea00d0c726be97a5b96615035854972cc538f6e7eaed23a35886c",
                "sha256:2ad2b727fc41c7f8757098903f85fafb4bf587ca6605f82d9bf5604bd9c7cded",
                "sha256:2d6495f84c4fd11584f34e62f9feec81bf373787b3942270487074e35cbe5330",
                "sha256:361f6b5e3f659e3c56ea3518cf85fbdae1b9e788ade0219a67eeaaea8a4e4d2a",
                "sha256:3e2ef592ac3693c65210f8b53d0edcf9f4405925adcfc031ff495e8d18169682",
                "sha256:4676d51c9f6f6226ae8f26dc83ec291c088fe7633269757d333978df78d931ab",
                "sha256:4ba7e122510bbc07258dc42be6ed45997efdf38129bde3e3f12649be70683546",
                "sha256:5102fb9ee2c258a2218281adcb3e1918b793c51d6c2b4666ce38c35101bb940e",
                "sha256:5323252be2bd261e0aa3f33cb3a64c45d76829989fa3ce90652838397d84197d",
                "sha256:58bb65b3274b0c8a02cea9f91d6f44d0da79abc993b33bdedbfec98c8440175a",
                "sha256:59bdc291165b6119fc6cdbc287c36f7f2859e6051dd923bdf47b4c55fd2f8bd0",
                "sha256:5facb7fd6fa8a7353bbe88b95695e555338fb038ad19ceb29c82d94f62775a05",
                "sha256:639e1ae8d48b3c86ffe59c0daa9a02e2bfe17ca3d2b41611b30a0073937d4497",
                "sha256:8eb8897367a21b578b26f5713833836f886817ee2ffba1177d446fa3f77e67c8",
                "sha256:90484a2b00baedad361402c257895b13faa3f01780f18f4a104a2f5c413e4536",
                "sha256:9c56e19780cd1344fcd362fd6265a15f48aa8d365996a37fab1495cae8fcd97d",
                "sha256:b67fc780cfe2b306180e56daaa411dd3186bf979d50a6a7c2a5b5036575cbdbb",
                "sha256:c0dcf127bb99458a9d211e6e1f0f3edb96c874dd12f2503d4d8e4f1fd103790b",
                "sha256:c23d64a0b28fc78c96289ffbd0d9d1abd48d267269b27f2d34e430ea73ce4b26",
                "sha256:ccfd238f766a5bb5ee5545a62dd03f316ac67966a6a658efb63eeff8158a4bbf",
                "sha256:cd767cf5d7252b1c88fcfb58426a32d7bd14a7e4942497e15b68ff5d822b41ad",
                "sha256:ce8feaa52c1640de9541eeaaa8b5fb632d9d66249c947bb0d89dd01f87c7c288",
                "sha256:d2e054aed4645f9b755db85bc69fc4ed2c9020c19c8027976f66576b906a74f1",
                "sha256:e16c2be5cb19e2c08da7bd3a87fed2a0d4e90065ee553a940c4fc1a0fb1ab72b",
                "sha256:e4b12e3d88a8fffd0b4ca559f6d4957ed91bd4c0613a4e13846ab8729dc5c251",
                "sha256:e570cfc40a29d6ad46c9aeaddbdcee687880940a3a327f2c668dd0e4ef0a441d",
                "sha256:eb30cf008850c0a26b72bd1b9be6730830165ce049d239cfdccd906f2685f892",
                "sha256:f37fa70d95658763254941ddd30ecb23fc4ec0c5a788a7c21034fc2305dab7cc",
                "sha256:f5ebeeec5c14533221eb30bad716bc1fd32f509196318fb9caa7002c4a364e4c",
                "sha256:f5fa526d027d804b1f85cdda1eb091f70bde6fb7d87892f6dd5a48925bc88898"
            ],
            "markers": "python_version >= '2.7' and python_version not in '3.0, 3.1, 3.2, 3.3, 3.4, 3.5'",
            "version": "==1.4.41"
        },
        "typing-extensions": {
            "hashes": [
                "sha256:25642c956049920a5aa49edcdd6ab1e06d7e5d467fc00e0506c44ac86fbfca02",
                "sha256:e6d2677a32f47fc7eb2795db1dd15c1f34eff616bcaf2cfb5e997f854fa1c4a6"
            ],
            "markers": "python_version < '3.8'",
            "version": "==4.3.0"
        },
        "urllib3": {
            "hashes": [
                "sha256:3fa96cf423e6987997fc326ae8df396db2a8b7c667747d47ddd8ecba91f4a74e",
                "sha256:b930dd878d5a8afb066a637fbb35144fe7901e3b209d1cd4f524bd0e9deee997"
            ],
            "markers": "python_version >= '2.7' and python_version not in '3.0, 3.1, 3.2, 3.3, 3.4, 3.5' and python_version < '4'",
            "version": "==1.26.12"
        },
        "uwsgi": {
            "hashes": [
                "sha256:faa85e053c0b1be4d5585b0858d3a511d2cd10201802e8676060fd0a109e5869"
            ],
            "index": "pypi",
            "version": "==2.0.19.1"
        },
        "werkzeug": {
            "hashes": [
                "sha256:7ea2d48322cc7c0f8b3a215ed73eabd7b5d75d0b50e31ab006286ccff9e00b8f",
                "sha256:f979ab81f58d7318e064e99c4506445d60135ac5cd2e177a2de0089bfd4c9bd5"
            ],
            "markers": "python_version >= '3.7'",
            "version": "==2.2.2"
        },
        "zipp": {
            "hashes": [
                "sha256:05b45f1ee8f807d0cc928485ca40a07cb491cf092ff587c0df9cb1fd154848d2",
                "sha256:47c40d7fe183a6f21403a199b3e4192cca5774656965b0a4988ad2f8feb5f009"
            ],
            "markers": "python_version >= '3.7'",
            "version": "==3.8.1"
        }
    },
    "develop": {
        "attrs": {
            "hashes": [
                "sha256:29adc2665447e5191d0e7c568fde78b21f9672d344281d0c6e1ab085429b22b6",
                "sha256:86efa402f67bf2df34f51a335487cf46b1ec130d02b8d39fd248abfd30da551c"
            ],
            "markers": "python_version >= '3.5'",
            "version": "==22.1.0"
        },
        "coverage": {
            "hashes": [
                "sha256:01778769097dbd705a24e221f42be885c544bb91251747a8a3efdec6eb4788f2",
                "sha256:08002f9251f51afdcc5e3adf5d5d66bb490ae893d9e21359b085f0e03390a820",
                "sha256:1238b08f3576201ebf41f7c20bf59baa0d05da941b123c6656e42cdb668e9827",
                "sha256:14a32ec68d721c3d714d9b105c7acf8e0f8a4f4734c811eda75ff3718570b5e3",
                "sha256:15e38d853ee224e92ccc9a851457fb1e1f12d7a5df5ae44544ce7863691c7a0d",
                "sha256:354df19fefd03b9a13132fa6643527ef7905712109d9c1c1903f2133d3a4e145",
                "sha256:35ef1f8d8a7a275aa7410d2f2c60fa6443f4a64fae9be671ec0696a68525b875",
                "sha256:4179502f210ebed3ccfe2f78bf8e2d59e50b297b598b100d6c6e3341053066a2",
                "sha256:42c499c14efd858b98c4e03595bf914089b98400d30789511577aa44607a1b74",
                "sha256:4b7101938584d67e6f45f0015b60e24a95bf8dea19836b1709a80342e01b472f",
                "sha256:564cd0f5b5470094df06fab676c6d77547abfdcb09b6c29c8a97c41ad03b103c",
                "sha256:5f444627b3664b80d078c05fe6a850dd711beeb90d26731f11d492dcbadb6973",
                "sha256:6113e4df2fa73b80f77663445be6d567913fb3b82a86ceb64e44ae0e4b695de1",
                "sha256:61b993f3998ee384935ee423c3d40894e93277f12482f6e777642a0141f55782",
                "sha256:66e6df3ac4659a435677d8cd40e8eb1ac7219345d27c41145991ee9bf4b806a0",
                "sha256:67f9346aeebea54e845d29b487eb38ec95f2ecf3558a3cffb26ee3f0dcc3e760",
                "sha256:6913dddee2deff8ab2512639c5168c3e80b3ebb0f818fed22048ee46f735351a",
                "sha256:6a864733b22d3081749450466ac80698fe39c91cb6849b2ef8752fd7482011f3",
                "sha256:7026f5afe0d1a933685d8f2169d7c2d2e624f6255fb584ca99ccca8c0e966fd7",
                "sha256:783bc7c4ee524039ca13b6d9b4186a67f8e63d91342c713e88c1865a38d0892a",
                "sha256:7a98d6bf6d4ca5c07a600c7b4e0c5350cd483c85c736c522b786be90ea5bac4f",
                "sha256:8d032bfc562a52318ae05047a6eb801ff31ccee172dc0d2504614e911d8fa83e",
                "sha256:98c0b9e9b572893cdb0a00e66cf961a238f8d870d4e1dc8e679eb8bdc2eb1b86",
                "sha256:9c7b9b498eb0c0d48b4c2abc0e10c2d78912203f972e0e63e3c9dc21f15abdaa",
                "sha256:9cc4f107009bca5a81caef2fca843dbec4215c05e917a59dec0c8db5cff1d2aa",
                "sha256:9d6e1f3185cbfd3d91ac77ea065d85d5215d3dfa45b191d14ddfcd952fa53796",
                "sha256:a095aa0a996ea08b10580908e88fbaf81ecf798e923bbe64fb98d1807db3d68a",
                "sha256:a3b2752de32c455f2521a51bd3ffb53c5b3ae92736afde67ce83477f5c1dd928",
                "sha256:ab066f5ab67059d1f1000b5e1aa8bbd75b6ed1fc0014559aea41a9eb66fc2ce0",
                "sha256:c1328d0c2f194ffda30a45f11058c02410e679456276bfa0bbe0b0ee87225fac",
                "sha256:c35cca192ba700979d20ac43024a82b9b32a60da2f983bec6c0f5b84aead635c",
                "sha256:cbbb0e4cd8ddcd5ef47641cfac97d8473ab6b132dd9a46bacb18872828031685",
                "sha256:cdbb0d89923c80dbd435b9cf8bba0ff55585a3cdb28cbec65f376c041472c60d",
                "sha256:cf2afe83a53f77aec067033199797832617890e15bed42f4a1a93ea24794ae3e",
                "sha256:d5dd4b8e9cd0deb60e6fcc7b0647cbc1da6c33b9e786f9c79721fd303994832f",
                "sha256:dfa0b97eb904255e2ab24166071b27408f1f69c8fbda58e9c0972804851e0558",
                "sha256:e16c45b726acb780e1e6f88b286d3c10b3914ab03438f32117c4aa52d7f30d58",
                "sha256:e1fabd473566fce2cf18ea41171d92814e4ef1495e04471786cbc943b89a3781",
                "sha256:e3d3c4cc38b2882f9a15bafd30aec079582b819bec1b8afdbde8f7797008108a",
                "sha256:e431e305a1f3126477abe9a184624a85308da8edf8486a863601d58419d26ffa",
                "sha256:e7b4da9bafad21ea45a714d3ea6f3e1679099e420c8741c74905b92ee9bfa7cc",
                "sha256:ee2b2fb6eb4ace35805f434e0f6409444e1466a47f620d1d5763a22600f0f892",
                "sha256:ee6ae6bbcac0786807295e9687169fba80cb0617852b2fa118a99667e8e6815d",
                "sha256:ef6f44409ab02e202b31a05dd6666797f9de2aa2b4b3534e9d450e42dea5e817",
                "sha256:f67cf9f406cf0d2f08a3515ce2db5b82625a7257f88aad87904674def6ddaec1",
                "sha256:f855b39e4f75abd0dfbcf74a82e84ae3fc260d523fcb3532786bcbbcb158322c",
                "sha256:fc600f6ec19b273da1d85817eda339fb46ce9eef3e89f220055d8696e0a06908",
                "sha256:fcbe3d9a53e013f8ab88734d7e517eb2cd06b7e689bedf22c0eb68db5e4a0a19",
                "sha256:fde17bc42e0716c94bf19d92e4c9f5a00c5feb401f5bc01101fdf2a8b7cacf60",
                "sha256:ff934ced84054b9018665ca3967fc48e1ac99e811f6cc99ea65978e1d384454b"
            ],
            "markers": "python_version >= '3.7'",
            "version": "==6.4.4"
        },
        "importlib-metadata": {
            "hashes": [
                "sha256:637245b8bab2b6502fcbc752cc4b7a6f6243bb02b31c5c26156ad103d3d45670",
                "sha256:7401a975809ea1fdc658c3aa4f78cc2195a0e019c5cbc4c06122884e9ae80c23"
            ],
            "markers": "python_version < '3.8'",
            "version": "==4.12.0"
        },
        "iniconfig": {
            "hashes": [
                "sha256:011e24c64b7f47f6ebd835bb12a743f2fbe9a26d4cecaa7f53bc4f35ee9da8b3",
                "sha256:bc3af051d7d14b2ee5ef9969666def0cd1a000e121eaea580d4a313df4b37f32"
            ],
            "version": "==1.1.1"
        },
        "packaging": {
            "hashes": [
                "sha256:dd47c42927d89ab911e606518907cc2d3a1f38bbd026385970643f9c5b8ecfeb",
                "sha256:ef103e05f519cdc783ae24ea4e2e0f508a9c99b2d4969652eed6a2e1ea5bd522"
            ],
            "markers": "python_full_version >= '3.6.0'",
            "version": "==21.3"
        },
        "pluggy": {
            "hashes": [
                "sha256:15b2acde666561e1298d71b523007ed7364de07029219b604cf808bfa1c765b0",
                "sha256:966c145cd83c96502c3c3868f50408687b38434af77734af1e9ca461a4081d2d"
            ],
            "markers": "python_version >= '2.7' and python_version not in '3.0, 3.1, 3.2, 3.3'",
            "version": "==0.13.1"
        },
        "py": {
            "hashes": [
                "sha256:51c75c4126074b472f746a24399ad32f6053d1b34b68d2fa41e558e6f4a98719",
                "sha256:607c53218732647dff4acdfcd50cb62615cedf612e72d1724fb1a0cc6405b378"
            ],
            "markers": "python_version >= '2.7' and python_version not in '3.0, 3.1, 3.2, 3.3, 3.4'",
            "version": "==1.11.0"
        },
        "pyparsing": {
            "hashes": [
                "sha256:2b020ecf7d21b687f219b71ecad3631f644a47f01403fa1d1036b0c6416d70fb",
                "sha256:5026bae9a10eeaefb61dab2f09052b9f4307d44aee4eda64b309723d8d206bbc"
            ],
            "markers": "python_full_version >= '3.6.8'",
            "version": "==3.0.9"
        },
        "pytest": {
            "hashes": [
                "sha256:50bcad0a0b9c5a72c8e4e7c9855a3ad496ca6a881a3641b4260605450772c54b",
                "sha256:91ef2131a9bd6be8f76f1f08eac5c5317221d6ad1e143ae03894b862e8976890"
            ],
            "index": "pypi",
            "version": "==6.2.4"
        },
        "pytest-cov": {
            "hashes": [
                "sha256:261bb9e47e65bd099c89c3edf92972865210c36813f80ede5277dceb77a4a62a",
                "sha256:261ceeb8c227b726249b376b8526b600f38667ee314f910353fa318caa01f4d7"
            ],
            "index": "pypi",
            "version": "==2.12.1"
        },
        "toml": {
            "hashes": [
                "sha256:806143ae5bfb6a3c6e736a764057db0e6a0e05e338b5630894a5f779cabb4f9b",
                "sha256:b3bda1d108d5dd99f4a20d24d9c348e91c4db7ab1b749200bded2f839ccbe68f"
            ],
            "markers": "python_version >= '2.6' and python_version not in '3.0, 3.1, 3.2, 3.3'",
            "version": "==0.10.2"
        },
        "typing-extensions": {
            "hashes": [
                "sha256:25642c956049920a5aa49edcdd6ab1e06d7e5d467fc00e0506c44ac86fbfca02",
                "sha256:e6d2677a32f47fc7eb2795db1dd15c1f34eff616bcaf2cfb5e997f854fa1c4a6"
            ],
            "markers": "python_version < '3.8'",
            "version": "==4.3.0"
        },
        "zipp": {
            "hashes": [
                "sha256:05b45f1ee8f807d0cc928485ca40a07cb491cf092ff587c0df9cb1fd154848d2",
                "sha256:47c40d7fe183a6f21403a199b3e4192cca5774656965b0a4988ad2f8feb5f009"
            ],
            "markers": "python_version >= '3.7'",
            "version": "==3.8.1"
        }
    }
}
